# This file is automatically @generated by Cargo.
# It is not intended for manual editing.
version = 4

[[package]]
name = "cycloritm-cli"
version = "0.1.0"
dependencies = [
 "cycloritm-core",
]

[[package]]
name = "cycloritm-core"
version = "0.1.0"

[[package]]
name = "cycloritm-parser"
version = "0.1.0"
